{
  "version": 4,
  "terraform_version": "1.16.2",
  "serial": 25,
  "lineage": "28d07dcb-6dbe-6fe6-1232-614fb7061cb9",
  "outputs": {},
  "resources": [
    {
      "mode": "managed",
      "type": "google_developer_connect_connection",
      "name": "default",
      "provider": "provider[\"registry.terraform.io/hashicorp/google-beta\"]",
      "instances": [
        {
          "schema_version": 0,
          "attributes": {
            "annotations": {},
            "bitbucket_cloud_config": [],
            "bitbucket_data_center_config": [],
            "connection_id": "test-connection",
            "create_time": "2026-09-16T14:03:56.926114692Z",
            "crypto_key_config": [],
            "delete_time": "",
            "deletion_policy": "DELETE",
            "disabled": false,
            "effective_annotations": {},
            "effective_labels": {
              "goog-terraform-provisioned": "true"
            },
            "etag": "",
            "github_config": [
              {
                "app_installation_id": "162218987",
                "authorizer_credential": [
                  {
                    "oauth_token_secret_version": "projects/662074847743/locations/us-central1/secrets/test-connection-github-oauthtoken-284001/versions/latest",
                    "username": "gunthar"
                  }
                ],
                "github_app": "FIREBASE",
                "installation_uri": "https://github.com/settings/installations/162218987"
              }
            ],
            "github_enterprise_config": [],
            "gitlab_config": [],
            "gitlab_enterprise_config": [],
            "http_config": [],
            "id": "projects/biofia/locations/us-central1/connections/test-connection",
            "installation_state": [
              {
                "action_uri": "",
                "message": "",
                "stage": "COMPLETE"
              }
            ],
            "labels": {},
            "location": "us-central1",
            "name": "projects/biofia/locations/us-central1/connections/test-connection",
            "project": "biofia",
            "reconciling": false,
            "terraform_labels": {
              "goog-terraform-provisioned": "true"
            },
            "timeouts": null,
            "uid": "2305b1fc-81d3-463a-b518-623ddb1837a1",
            "update_time": "2026-09-16T14:16:49.206572434Z"
          },
          "sensitive_attributes": [],
          "identity_schema_version": 1,
          "identity": {
            "connection_id": "test-connection",
            "location": "us-central1",
            "project": "biofia"
          },
          "private": "eyJlMmJmYjczMC1lY2FhLTExZTYtOGY4OC0zNDM2M2JjN2M0YzAiOnsiY3JlYXRlIjoxMjAwMDAwMDAwMDAwLCJkZWxldGUiOjEyMDAwMDAwMDAwMDAsInVwZGF0ZSI6MTIwMDAwMDAwMDAwMH19",
          "dependencies": [
            "google_project_iam_member.devconnect_secret",
            "google_project_service.secretmanager",
            "google_project_service_identity.devconnect_p4sa"
          ]
        }
      ]
    },
    {
      "mode": "managed",
      "type": "google_developer_connect_git_repository_link",
      "name": "website_repo",
      "provider": "provider[\"registry.terraform.io/hashicorp/google-beta\"]",
      "instances": [
        {
          "schema_version": 0,
          "attributes": {
            "annotations": null,
            "clone_uri": "https://github.com/gunthar/biofia.git",
            "create_time": "2026-09-16T14:25:57.884030642Z",
            "delete_time": "",
            "deletion_policy": "DELETE",
            "effective_annotations": {},
            "effective_labels": {
              "goog-terraform-provisioned": "true"
            },
            "etag": "",
            "git_repository_link_id": "biofia-repo",
            "id": "projects/biofia/locations/us-central1/connections/test-connection/gitRepositoryLinks/biofia-repo",
            "labels": null,
            "location": "us-central1",
            "name": "projects/biofia/locations/us-central1/connections/test-connection/gitRepositoryLinks/biofia-repo",
            "parent_connection": "test-connection",
            "project": "biofia",
            "reconciling": false,
            "terraform_labels": {
              "goog-terraform-provisioned": "true"
            },
            "timeouts": null,
            "uid": "",
            "update_time": "2026-09-16T14:25:58.493353202Z"
          },
          "sensitive_attributes": [],
          "identity_schema_version": 1,
          "identity": {
            "git_repository_link_id": "biofia-repo",
            "location": "us-central1",
            "parent_connection": "test-connection",
            "project": "biofia"
          },
          "private": "eyJlMmJmYjczMC1lY2FhLTExZTYtOGY4OC0zNDM2M2JjN2M0YzAiOnsiY3JlYXRlIjoxMjAwMDAwMDAwMDAwLCJkZWxldGUiOjEyMDAwMDAwMDAwMDAsInVwZGF0ZSI6MTIwMDAwMDAwMDAwMH19",
          "dependencies": [
            "google_developer_connect_connection.default",
            "google_project_iam_member.devconnect_secret",
            "google_project_service.secretmanager",
            "google_project_service_identity.devconnect_p4sa"
          ]
        }
      ]
    },
    {
      "mode": "managed",
      "type": "google_firebase_app_hosting_backend",
      "name": "default",
      "provider": "provider[\"registry.terraform.io/hashicorp/google-beta\"]",
      "instances": [
        {
          "schema_version": 0,
          "attributes": {
            "annotations": null,
            "app_id": "1:662074847743:web:5d084edac3bbe92904b7ca",
            "backend_id": "biofia-backend",
            "codebase": [
              {
                "repository": "projects/biofia/locations/us-central1/connections/test-connection/gitRepositoryLinks/biofia-repo",
                "root_directory": "/"
              }
            ],
            "create_time": "2026-09-16T14:26:10.370599532Z",
            "delete_time": "",
            "deletion_policy": "DELETE",
            "display_name": "BioFIA Backend",
            "effective_annotations": {},
            "effective_labels": {
              "goog-terraform-provisioned": "true"
            },
            "environment": "",
            "etag": "rKFOho77HZGrDQvyz1BjGipIuyzMPHDsLgHV_Fsf9aQ",
            "id": "projects/biofia/locations/us-central1/backends/biofia-backend",
            "labels": null,
            "location": "us-central1",
            "managed_resources": [],
            "name": "projects/biofia/locations/us-central1/backends/biofia-backend",
            "project": "biofia",
            "service_account": "firebase-app-hosting-compute@biofia.iam.gserviceaccount.com",
            "serving_locality": "GLOBAL_ACCESS",
            "terraform_labels": {
              "goog-terraform-provisioned": "true"
            },
            "timeouts": null,
            "uid": "caf101f1-98d2-478f-bcfc-ad5acd0f7818",
            "update_time": "2026-09-16T14:26:10.804306Z",
            "uri": "biofia-backend--biofia.us-central1.hosted.app"
          },
          "sensitive_attributes": [],
          "identity_schema_version": 1,
          "identity": {
            "backend_id": "biofia-backend",
            "location": "us-central1",
            "project": "biofia"
          },
          "private": "eyJlMmJmYjczMC1lY2FhLTExZTYtOGY4OC0zNDM2M2JjN2M0YzAiOnsiY3JlYXRlIjoxMjAwMDAwMDAwMDAwLCJkZWxldGUiOjEyMDAwMDAwMDAwMDAsInVwZGF0ZSI6MTIwMDAwMDAwMDAwMH19",
          "dependencies": [
            "google_developer_connect_connection.default",
            "google_developer_connect_git_repository_link.website_repo",
            "google_project_iam_member.app_hosting_sa_roles",
            "google_project_iam_member.devconnect_secret",
            "google_project_service.secretmanager",
            "google_project_service_identity.devconnect_p4sa",
            "google_service_account.app_hosting_sa"
          ]
        }
      ]
    },
    {
      "mode": "managed",
      "type": "google_firebase_app_hosting_domain",
      "name": "biofia_domain",
      "provider": "provider[\"registry.terraform.io/hashicorp/google-beta\"]",
      "instances": [
        {
          "schema_version": 0,
          "attributes": {
            "backend": "biofia-backend",
            "create_time": "2026-09-16T14:26:12.744663779Z",
            "custom_domain_status": [
              {
                "cert_state": "CERT_PREPARING",
                "host_state": "",
                "issues": [],
                "ownership_state": "OWNERSHIP_MISSING",
                "required_dns_updates": []
              }
            ],
            "delete_time": "",
            "deletion_policy": "DELETE",
            "domain_id": "biofia.org",
            "etag": "_pWsYo2azK35RvVNFcj594lyhgvX3Hfj9P4ikjSmpj0",
            "id": "projects/biofia/locations/us-central1/backends/biofia-backend/domains/biofia.org",
            "location": "us-central1",
            "name": "projects/biofia/locations/us-central1/backends/biofia-backend/domains/biofia.org",
            "project": "biofia",
            "purge_time": "",
            "serve": [],
            "timeouts": null,
            "uid": "b0f764ad-f540-4a83-aadf-c5912c408ec4",
            "update_time": "2026-09-16T14:26:12.157586284Z"
          },
          "sensitive_attributes": [],
          "identity_schema_version": 1,
          "identity": {
            "backend": "biofia-backend",
            "domain_id": "biofia.org",
            "location": "us-central1",
            "project": "biofia"
          },
          "private": "eyJlMmJmYjczMC1lY2FhLTExZTYtOGY4OC0zNDM2M2JjN2M0YzAiOnsiY3JlYXRlIjoxMjAwMDAwMDAwMDAwLCJkZWxldGUiOjEyMDAwMDAwMDAwMDAsInVwZGF0ZSI6MTIwMDAwMDAwMDAwMH19",
          "dependencies": [
            "google_developer_connect_connection.default",
            "google_developer_connect_git_repository_link.website_repo",
            "google_firebase_app_hosting_backend.default",
            "google_project_iam_member.app_hosting_sa_roles",
            "google_project_iam_member.devconnect_secret",
            "google_project_service.secretmanager",
            "google_project_service_identity.devconnect_p4sa",
            "google_service_account.app_hosting_sa"
          ]
        }
      ]
    },
    {
      "mode": "managed",
      "type": "google_project_iam_member",
      "name": "app_hosting_sa_roles",
      "provider": "provider[\"registry.terraform.io/hashicorp/google-beta\"]",
      "instances": [
        {
          "index_key": "roles/developerconnect.readTokenAccessor",
          "schema_version": 0,
          "attributes": {
            "condition": [],
            "etag": "BwZbmm7Ai4E=",
            "id": "biofia/roles/developerconnect.readTokenAccessor/serviceAccount:firebase-app-hosting-compute@biofia.iam.gserviceaccount.com",
            "member": "serviceAccount:firebase-app-hosting-compute@biofia.iam.gserviceaccount.com",
            "project": "biofia",
            "role": "roles/developerconnect.readTokenAccessor"
          },
          "sensitive_attributes": [],
          "identity_schema_version": 1,
          "identity": {
            "condition_title": null,
            "member": "serviceAccount:firebase-app-hosting-compute@biofia.iam.gserviceaccount.com",
            "project": "biofia",
            "role": "roles/developerconnect.readTokenAccessor"
          },
          "private": "bnVsbA==",
          "dependencies": [
            "google_service_account.app_hosting_sa"
          ]
        },
        {
          "index_key": "roles/firebase.sdkAdminServiceAgent",
          "schema_version": 0,
          "attributes": {
            "condition": [],
            "etag": "BwZbmm7Ai4E=",
            "id": "biofia/roles/firebase.sdkAdminServiceAgent/serviceAccount:firebase-app-hosting-compute@biofia.iam.gserviceaccount.com",
            "member": "serviceAccount:firebase-app-hosting-compute@biofia.iam.gserviceaccount.com",
            "project": "biofia",
            "role": "roles/firebase.sdkAdminServiceAgent"
          },
          "sensitive_attributes": [],
          "identity_schema_version": 1,
          "identity": {
            "condition_title": null,
            "member": "serviceAccount:firebase-app-hosting-compute@biofia.iam.gserviceaccount.com",
            "project": "biofia",
            "role": "roles/firebase.sdkAdminServiceAgent"
          },
          "private": "bnVsbA==",
          "dependencies": [
            "google_service_account.app_hosting_sa"
          ]
        },
        {
          "index_key": "roles/firebaseapphosting.computeRunner",
          "schema_version": 0,
          "attributes": {
            "condition": [],
            "etag": "BwZbmm7Ai4E=",
            "id": "biofia/roles/firebaseapphosting.computeRunner/serviceAccount:firebase-app-hosting-compute@biofia.iam.gserviceaccount.com",
            "member": "serviceAccount:firebase-app-hosting-compute@biofia.iam.gserviceaccount.com",
            "project": "biofia",
            "role": "roles/firebaseapphosting.computeRunner"
          },
          "sensitive_attributes": [],
          "identity_schema_version": 1,
          "identity": {
            "condition_title": null,
            "member": "serviceAccount:firebase-app-hosting-compute@biofia.iam.gserviceaccount.com",
            "project": "biofia",
            "role": "roles/firebaseapphosting.computeRunner"
          },
          "private": "bnVsbA==",
          "dependencies": [
            "google_service_account.app_hosting_sa"
          ]
        }
      ]
    },
    {
      "mode": "managed",
      "type": "google_project_iam_member",
      "name": "devconnect_secret",
      "provider": "provider[\"registry.terraform.io/hashicorp/google-beta\"]",
      "instances": [
        {
          "schema_version": 0,
          "attributes": {
            "condition": [],
            "etag": "BwZbmm7Ai4E=",
            "id": "biofia/roles/secretmanager.admin/serviceAccount:service-662074847743@gcp-sa-devconnect.iam.gserviceaccount.com",
            "member": "serviceAccount:service-662074847743@gcp-sa-devconnect.iam.gserviceaccount.com",
            "project": "biofia",
            "role": "roles/secretmanager.admin"
          },
          "sensitive_attributes": [],
          "identity_schema_version": 1,
          "identity": {
            "condition_title": null,
            "member": "serviceAccount:service-662074847743@gcp-sa-devconnect.iam.gserviceaccount.com",
            "project": "biofia",
            "role": "roles/secretmanager.admin"
          },
          "private": "bnVsbA==",
          "dependencies": [
            "google_project_service_identity.devconnect_p4sa"
          ]
        }
      ]
    },
    {
      "mode": "managed",
      "type": "google_project_service",
      "name": "secretmanager",
      "provider": "provider[\"registry.terraform.io/hashicorp/google-beta\"]",
      "instances": [
        {
          "schema_version": 0,
          "attributes": {
            "check_if_service_has_usage_on_destroy": null,
            "deletion_policy": "DELETE",
            "disable_dependent_services": null,
            "disable_on_destroy": false,
            "id": "biofia/secretmanager.googleapis.com",
            "project": "biofia",
            "service": "secretmanager.googleapis.com",
            "timeouts": null
          },
          "sensitive_attributes": [],
          "identity_schema_version": 1,
          "identity": {
            "project": "biofia",
            "service": "secretmanager.googleapis.com"
          },
          "private": "eyJlMmJmYjczMC1lY2FhLTExZTYtOGY4OC0zNDM2M2JjN2M0YzAiOnsiY3JlYXRlIjoxMjAwMDAwMDAwMDAwLCJkZWxldGUiOjEyMDAwMDAwMDAwMDAsInJlYWQiOjYwMDAwMDAwMDAwMCwidXBkYXRlIjoxMjAwMDAwMDAwMDAwfX0="
        }
      ]
    },
    {
      "mode": "managed",
      "type": "google_project_service_identity",
      "name": "devconnect_p4sa",
      "provider": "provider[\"registry.terraform.io/hashicorp/google-beta\"]",
      "instances": [
        {
          "schema_version": 0,
          "attributes": {
            "email": "service-662074847743@gcp-sa-devconnect.iam.gserviceaccount.com",
            "id": "projects/biofia/services/developerconnect.googleapis.com",
            "member": "serviceAccount:service-662074847743@gcp-sa-devconnect.iam.gserviceaccount.com",
            "project": "biofia",
            "service": "developerconnect.googleapis.com",
            "timeouts": null
          },
          "sensitive_attributes": [],
          "identity_schema_version": 0,
          "private": "eyJlMmJmYjczMC1lY2FhLTExZTYtOGY4OC0zNDM2M2JjN2M0YzAiOnsiY3JlYXRlIjoxMjAwMDAwMDAwMDAwLCJkZWxldGUiOjEyMDAwMDAwMDAwMDAsInJlYWQiOjYwMDAwMDAwMDAwMH19"
        }
      ]
    },
    {
      "mode": "managed",
      "type": "google_service_account",
      "name": "app_hosting_sa",
      "provider": "provider[\"registry.terraform.io/hashicorp/google-beta\"]",
      "instances": [
        {
          "schema_version": 0,
          "attributes": {
            "account_id": "firebase-app-hosting-compute",
            "create_ignore_already_exists": null,
            "deletion_policy": "DELETE",
            "description": "",
            "disabled": false,
            "display_name": "Firebase App Hosting Compute Service Account",
            "email": "firebase-app-hosting-compute@biofia.iam.gserviceaccount.com",
            "id": "projects/biofia/serviceAccounts/firebase-app-hosting-compute@biofia.iam.gserviceaccount.com",
            "member": "serviceAccount:firebase-app-hosting-compute@biofia.iam.gserviceaccount.com",
            "name": "projects/biofia/serviceAccounts/firebase-app-hosting-compute@biofia.iam.gserviceaccount.com",
            "project": "biofia",
            "timeouts": null,
            "unique_id": "114910105606186113233"
          },
          "sensitive_attributes": [],
          "identity_schema_version": 1,
          "identity": {
            "email": "firebase-app-hosting-compute@biofia.iam.gserviceaccount.com",
            "project": "biofia"
          },
          "private": "eyJlMmJmYjczMC1lY2FhLTExZTYtOGY4OC0zNDM2M2JjN2M0YzAiOnsiY3JlYXRlIjozMDAwMDAwMDAwMDB9fQ=="
        }
      ]
    }
  ],
  "check_results": null
}
